
Microsoft Visual Studio Solution File, Format Version 12.00
# Visual Studio Version 17
VisualStudioVersion = 17.6.33829.357
MinimumVisualStudioVersion = 10.0.40219.1
Project("{FAE04EC0-301F-11D3-BF4B-00C04F79EFBC}") = "DataAccess", "DataAccess\DataAccess.csproj", "{E3469579-2185-406A-B5F5-6FFDC6933FB9}"
EndProject
Project("{FAE04EC0-301F-11D3-BF4B-00C04F79EFBC}") = "Entities", "Entities\Entities.csproj", "{3A850DF1-1323-47D6-9C1D-C1A207B4FFFB}"
EndProject
Project("{FAE04EC0-301F-11D3-BF4B-00C04F79EFBC}") = "Business", "Business\Business.csproj", "{9A142E1C-58F6-4FDC-9478-6E77EF33DA8C}"
EndProject
Project("{FAE04EC0-301F-11D3-BF4B-00C04F79EFBC}") = "Core", "Core\Core.csproj", "{ED4B828B-E5A5-4EC5-92B1-3206488AE58D}"
EndProject
Project("{FAE04EC0-301F-11D3-BF4B-00C04F79EFBC}") = "API", "API\API.csproj", "{BC68590C-4607-4BCE-8D3E-E25EA7974FF0}"
EndProject
Global
	GlobalSection(SolutionConfigurationPlatforms) = preSolution
		Debug|Any CPU = Debug|Any CPU
		Release|Any CPU = Release|Any CPU
	EndGlobalSection
	GlobalSection(ProjectConfigurationPlatforms) = postSolution
		{E3469579-2185-406A-B5F5-6FFDC6933FB9}.Debug|Any CPU.ActiveCfg = Debug|Any CPU
		{E3469579-2185-406A-B5F5-6FFDC6933FB9}.Debug|Any CPU.Build.0 = Debug|Any CPU
		{E3469579-2185-406A-B5F5-6FFDC6933FB9}.Release|Any CPU.ActiveCfg = Release|Any CPU
		{E3469579-2185-406A-B5F5-6FFDC6933FB9}.Release|Any CPU.Build.0 = Release|Any CPU
		{3A850DF1-1323-47D6-9C1D-C1A207B4FFFB}.Debug|Any CPU.ActiveCfg = Debug|Any CPU
		{3A850DF1-1323-47D6-9C1D-C1A207B4FFFB}.Debug|Any CPU.Build.0 = Debug|Any CPU
		{3A850DF1-1323-47D6-9C1D-C1A207B4FFFB}.Release|Any CPU.ActiveCfg = Release|Any CPU
		{3A850DF1-1323-47D6-9C1D-C1A207B4FFFB}.Release|Any CPU.Build.0 = Release|Any CPU
		{9A142E1C-58F6-4FDC-9478-6E77EF33DA8C}.Debug|Any CPU.ActiveCfg = Debug|Any CPU
		{9A142E1C-58F6-4FDC-9478-6E77EF33DA8C}.Debug|Any CPU.Build.0 = Debug|Any CPU
		{9A142E1C-58F6-4FDC-9478-6E77EF33DA8C}.Release|Any CPU.ActiveCfg = Release|Any CPU
		{9A142E1C-58F6-4FDC-9478-6E77EF33DA8C}.Release|Any CPU.Build.0 = Release|Any CPU
		{ED4B828B-E5A5-4EC5-92B1-3206488AE58D}.Debug|Any CPU.ActiveCfg = Debug|Any CPU
		{ED4B828B-E5A5-4EC5-92B1-3206488AE58D}.Debug|Any CPU.Build.0 = Debug|Any CPU
		{ED4B828B-E5A5-4EC5-92B1-3206488AE58D}.Release|Any CPU.ActiveCfg = Release|Any CPU
		{ED4B828B-E5A5-4EC5-92B1-3206488AE58D}.Release|Any CPU.Build.0 = Release|Any CPU
		{BC68590C-4607-4BCE-8D3E-E25EA7974FF0}.Debug|Any CPU.ActiveCfg = Debug|Any CPU
		{BC68590C-4607-4BCE-8D3E-E25EA7974FF0}.Debug|Any CPU.Build.0 = Debug|Any CPU
		{BC68590C-4607-4BCE-8D3E-E25EA7974FF0}.Release|Any CPU.ActiveCfg = Release|Any CPU
		{BC68590C-4607-4BCE-8D3E-E25EA7974FF0}.Release|Any CPU.Build.0 = Release|Any CPU
	EndGlobalSection
	GlobalSection(SolutionProperties) = preSolution
		HideSolutionNode = FALSE
	EndGlobalSection
	GlobalSection(ExtensibilityGlobals) = postSolution
		SolutionGuid = {52DA2B5E-B27B-4801-952C-5630B3D31051}
	EndGlobalSection
EndGlobal
